
Microsoft Visual Studio Solution File, Format Version 12.00
# Visual Studio Version 16
VisualStudioVersion = 16.0.29911.84
MinimumVisualStudioVersion = 10.0.40219.1
Project("{FAE04EC0-301F-11D3-BF4B-00C04F79EFBC}") = "Hoemwork08e", "Hoemwork08e\Hoemwork08e.csproj", "{0386D0D2-C13C-4D8E-A5A9-22D2AB443387}"
EndProject
Global
	GlobalSection(SolutionConfigurationPlatforms) = preSolution
		Debug|Any CPU = Debug|Any CPU
		Release|Any CPU = Release|Any CPU
	EndGlobalSection
	GlobalSection(ProjectConfigurationPlatforms) = postSolution
		{0386D0D2-C13C-4D8E-A5A9-22D2AB443387}.Debug|Any CPU.ActiveCfg = Debug|Any CPU
		{0386D0D2-C13C-4D8E-A5A9-22D2AB443387}.Debug|Any CPU.Build.0 = Debug|Any CPU
		{0386D0D2-C13C-4D8E-A5A9-22D2AB443387}.Release|Any CPU.ActiveCfg = Release|Any CPU
		{0386D0D2-C13C-4D8E-A5A9-22D2AB443387}.Release|Any CPU.Build.0 = Release|Any CPU
	EndGlobalSection
	GlobalSection(SolutionProperties) = preSolution
		HideSolutionNode = FALSE
	EndGlobalSection
	GlobalSection(ExtensibilityGlobals) = postSolution
		SolutionGuid = {4EB755B8-43DC-4A8E-A509-C4A411972E01}
	EndGlobalSection
EndGlobal
