
Microsoft Visual Studio Solution File, Format Version 12.00
# Visual Studio Version 16
VisualStudioVersion = 16.0.29911.84
MinimumVisualStudioVersion = 10.0.40219.1
Project("{9A19103F-16F7-4668-BE54-9A1E7A4F7556}") = "excersies.class01.csharpadvanced", "excersies.class01.csharpadvanced\excersies.class01.csharpadvanced.csproj", "{C2F19192-EA98-4984-B683-B4700A7D34F0}"
EndProject
Global
	GlobalSection(SolutionConfigurationPlatforms) = preSolution
		Debug|Any CPU = Debug|Any CPU
		Release|Any CPU = Release|Any CPU
	EndGlobalSection
	GlobalSection(ProjectConfigurationPlatforms) = postSolution
		{C2F19192-EA98-4984-B683-B4700A7D34F0}.Debug|Any CPU.ActiveCfg = Debug|Any CPU
		{C2F19192-EA98-4984-B683-B4700A7D34F0}.Debug|Any CPU.Build.0 = Debug|Any CPU
		{C2F19192-EA98-4984-B683-B4700A7D34F0}.Release|Any CPU.ActiveCfg = Release|Any CPU
		{C2F19192-EA98-4984-B683-B4700A7D34F0}.Release|Any CPU.Build.0 = Release|Any CPU
	EndGlobalSection
	GlobalSection(SolutionProperties) = preSolution
		HideSolutionNode = FALSE
	EndGlobalSection
	GlobalSection(ExtensibilityGlobals) = postSolution
		SolutionGuid = {13D95604-207E-40F0-AEC3-F0E809D6594F}
	EndGlobalSection
EndGlobal
